
Microsoft Visual Studio Solution File, Format Version 12.00
# Visual Studio Version 17
VisualStudioVersion = 17.3.32819.101
MinimumVisualStudioVersion = 10.0.40219.1
Project("{9A19103F-16F7-4668-BE54-9A1E7A4F7556}") = "RevLocal_Aug2023_StockChallenge", "RevLocal_Aug2023_StockChallenge.csproj", "{DB36503B-0436-44E0-AC45-21EAA81D459F}"
EndProject
Global
	GlobalSection(SolutionConfigurationPlatforms) = preSolution
		Debug|Any CPU = Debug|Any CPU
		Release|Any CPU = Release|Any CPU
	EndGlobalSection
	GlobalSection(ProjectConfigurationPlatforms) = postSolution
		{DB36503B-0436-44E0-AC45-21EAA81D459F}.Debug|Any CPU.ActiveCfg = Debug|Any CPU
		{DB36503B-0436-44E0-AC45-21EAA81D459F}.Debug|Any CPU.Build.0 = Debug|Any CPU
		{DB36503B-0436-44E0-AC45-21EAA81D459F}.Release|Any CPU.ActiveCfg = Release|Any CPU
		{DB36503B-0436-44E0-AC45-21EAA81D459F}.Release|Any CPU.Build.0 = Release|Any CPU
	EndGlobalSection
	GlobalSection(SolutionProperties) = preSolution
		HideSolutionNode = FALSE
	EndGlobalSection
	GlobalSection(ExtensibilityGlobals) = postSolution
		SolutionGuid = {8417A725-DA00-412E-8ABF-64D0F21E48EC}
	EndGlobalSection
EndGlobal
